
Microsoft Visual Studio Solution File, Format Version 12.00
# Visual Studio Version 17
VisualStudioVersion = 17.11.35222.181
MinimumVisualStudioVersion = 10.0.40219.1
Project("{FAE04EC0-301F-11D3-BF4B-00C04F79EFBC}") = "Gerenciador de Estoque", "Gerenciador de Estoque\Gerenciador de Estoque.csproj", "{E01E5491-F421-46C1-B261-763C155105AF}"
EndProject
Global
	GlobalSection(SolutionConfigurationPlatforms) = preSolution
		Debug|Any CPU = Debug|Any CPU
		Release|Any CPU = Release|Any CPU
	EndGlobalSection
	GlobalSection(ProjectConfigurationPlatforms) = postSolution
		{E01E5491-F421-46C1-B261-763C155105AF}.Debug|Any CPU.ActiveCfg = Debug|Any CPU
		{E01E5491-F421-46C1-B261-763C155105AF}.Debug|Any CPU.Build.0 = Debug|Any CPU
		{E01E5491-F421-46C1-B261-763C155105AF}.Release|Any CPU.ActiveCfg = Release|Any CPU
		{E01E5491-F421-46C1-B261-763C155105AF}.Release|Any CPU.Build.0 = Release|Any CPU
	EndGlobalSection
	GlobalSection(SolutionProperties) = preSolution
		HideSolutionNode = FALSE
	EndGlobalSection
	GlobalSection(ExtensibilityGlobals) = postSolution
		SolutionGuid = {0CFCA27A-E8C9-498F-9DEE-71D77A3A1D96}
	EndGlobalSection
EndGlobal
